
Microsoft Visual Studio Solution File, Format Version 12.00
# Visual Studio Version 17
VisualStudioVersion = 17.9.34728.123
MinimumVisualStudioVersion = 10.0.40219.1
Project("{FAE04EC0-301F-11D3-BF4B-00C04F79EFBC}") = "M1", "M1.csproj", "{9EC002F8-F540-4BB0-98E4-8841082D7284}"
EndProject
Global
	GlobalSection(SolutionConfigurationPlatforms) = preSolution
		Debug|Any CPU = Debug|Any CPU
		Release|Any CPU = Release|Any CPU
	EndGlobalSection
	GlobalSection(ProjectConfigurationPlatforms) = postSolution
		{9EC002F8-F540-4BB0-98E4-8841082D7284}.Debug|Any CPU.ActiveCfg = Debug|Any CPU
		{9EC002F8-F540-4BB0-98E4-8841082D7284}.Debug|Any CPU.Build.0 = Debug|Any CPU
		{9EC002F8-F540-4BB0-98E4-8841082D7284}.Release|Any CPU.ActiveCfg = Release|Any CPU
		{9EC002F8-F540-4BB0-98E4-8841082D7284}.Release|Any CPU.Build.0 = Release|Any CPU
	EndGlobalSection
	GlobalSection(SolutionProperties) = preSolution
		HideSolutionNode = FALSE
	EndGlobalSection
	GlobalSection(ExtensibilityGlobals) = postSolution
		SolutionGuid = {2F109432-BDEE-42E5-BC5F-9CE7D2CA7B54}
	EndGlobalSection
EndGlobal
